// !$*UTF8*$!
{
	archiveVersion = 1;
	classes = {
	};
	objectVersion = 46;
	objects = {

/* Begin PBXBuildFile section */
		5A306E7F1F14D64C00E02FE5 /* AppDelegate.swift in Sources */ = {isa = PBXBuildFile; fileRef = 5A306E7E1F14D64C00E02FE5 /* AppDelegate.swift */; };
		5A306E811F14D64C00E02FE5 /* ViewController.swift in Sources */ = {isa = PBXBuildFile; fileRef = 5A306E801F14D64C00E02FE5 /* ViewController.swift */; };
		5A306E841F14D64C00E02FE5 /* Main.storyboard in Resources */ = {isa = PBXBuildFile; fileRef = 5A306E821F14D64C00E02FE5 /* Main.storyboard */; };
		5A306E861F14D64C00E02FE5 /* Assets.xcassets in Resources */ = {isa = PBXBuildFile; fileRef = 5A306E851F14D64C00E02FE5 /* Assets.xcassets */; };
		5A306E891F14D64C00E02FE5 /* LaunchScreen.storyboard in Resources */ = {isa = PBXBuildFile; fileRef = 5A306E871F14D64C00E02FE5 /* LaunchScreen.storyboard */; };
		5A306E911F14D66000E02FE5 /* AutoSizingLayout.swift in Sources */ = {isa = PBXBuildFile; fileRef = 5A306E901F14D66000E02FE5 /* AutoSizingLayout.swift */; };
		5A306E931F14D70C00E02FE5 /* TextCell.swift in Sources */ = {isa = PBXBuildFile; fileRef = 5A306E921F14D70C00E02FE5 /* TextCell.swift */; };
/* End PBXBuildFile section */

/* Begin PBXFileReference section */
		5A306E7B1F14D64C00E02FE5 /* BrokenAutoSizingCells.app */ = {isa = PBXFileReference; explicitFileType = wrapper.application; includeInIndex = 0; path = BrokenAutoSizingCells.app; sourceTree = BUILT_PRODUCTS_DIR; };
		5A306E7E1F14D64C00E02FE5 /* AppDelegate.swift */ = {isa = PBXFileReference; lastKnownFileType = sourcecode.swift; path = AppDelegate.swift; sourceTree = "<group>"; };
		5A306E801F14D64C00E02FE5 /* ViewController.swift */ = {isa = PBXFileReference; lastKnownFileType = sourcecode.swift; path = ViewController.swift; sourceTree = "<group>"; };
		5A306E831F14D64C00E02FE5 /* Base */ = {isa = PBXFileReference; lastKnownFileType = file.storyboard; name = Base; path = Base.lproj/Main.storyboard; sourceTree = "<group>"; };
		5A306E851F14D64C00E02FE5 /* Assets.xcassets */ = {isa = PBXFileReference; lastKnownFileType = folder.assetcatalog; path = Assets.xcassets; sourceTree = "<group>"; };
		5A306E881F14D64C00E02FE5 /* Base */ = {isa = PBXFileReference; lastKnownFileType = file.storyboard; name = Base; path = Base.lproj/LaunchScreen.storyboard; sourceTree = "<group>"; };
		5A306E8A1F14D64C00E02FE5 /* Info.plist */ = {isa = PBXFileReference; lastKnownFileType = text.plist.xml; path = Info.plist; sourceTree = "<group>"; };
		5A306E901F14D66000E02FE5 /* AutoSizingLayout.swift */ = {isa = PBXFileReference; fileEncoding = 4; lastKnownFileType = sourcecode.swift; path = AutoSizingLayout.swift; sourceTree = "<group>"; };
		5A306E921F14D70C00E02FE5 /* TextCell.swift */ = {isa = PBXFileReference; fileEncoding = 4; lastKnownFileType = sourcecode.swift; path = TextCell.swift; sourceTree = "<group>"; };
/* End PBXFileReference section */

/* Begin PBXFrameworksBuildPhase section */
		5A306E781F14D64C00E02FE5 /* Frameworks */ = {
			isa = PBXFrameworksBuildPhase;
			buildActionMask = 2147483647;
			files = (
			);
			runOnlyForDeploymentPostprocessing = 0;
		};
/* End PBXFrameworksBuildPhase section */

/* Begin PBXGroup section */
		5A306E721F14D64C00E02FE5 = {
			isa = PBXGroup;
			children = (
				5A306E7D1F14D64C00E02FE5 /* BrokenAutoSizingCells */,
				5A306E7C1F14D64C00E02FE5 /* Products */,
			);
			sourceTree = "<group>";
		};
		5A306E7C1F14D64C00E02FE5 /* Products */ = {
			isa = PBXGroup;
			children = (
				5A306E7B1F14D64C00E02FE5 /* BrokenAutoSizingCells.app */,
			);
			name = Products;
			sourceTree = "<group>";
		};
		5A306E7D1F14D64C00E02FE5 /* BrokenAutoSizingCells */ = {
			isa = PBXGroup;
			children = (
				5A306E7E1F14D64C00E02FE5 /* AppDelegate.swift */,
				5A306E801F14D64C00E02FE5 /* ViewController.swift */,
				5A306E821F14D64C00E02FE5 /* Main.storyboard */,
				5A306E851F14D64C00E02FE5 /* Assets.xcassets */,
				5A306E871F14D64C00E02FE5 /* LaunchScreen.storyboard */,
				5A306E8A1F14D64C00E02FE5 /* Info.plist */,
				5A306E901F14D66000E02FE5 /* AutoSizingLayout.swift */,
				5A306E921F14D70C00E02FE5 /* TextCell.swift */,
			);
			path = BrokenAutoSizingCells;
			sourceTree = "<group>";
		};
/* End PBXGroup section */

/* Begin PBXNativeTarget section */
		5A306E7A1F14D64C00E02FE5 /* BrokenAutoSizingCells */ = {
			isa = PBXNativeTarget;
			buildConfigurationList = 5A306E8D1F14D64C00E02FE5 /* Build configuration list for PBXNativeTarget "BrokenAutoSizingCells" */;
			buildPhases = (
				5A306E771F14D64C00E02FE5 /* Sources */,
				5A306E781F14D64C00E02FE5 /* Frameworks */,
				5A306E791F14D64C00E02FE5 /* Resources */,
			);
			buildRules = (
			);
			dependencies = (
			);
			name = BrokenAutoSizingCells;
			productName = BrokenAutoSizingCells;
			productReference = 5A306E7B1F14D64C00E02FE5 /* BrokenAutoSizingCells.app */;
			productType = "com.apple.product-type.application";
		};
/* End PBXNativeTarget section */

/* Begin PBXProject section */
		5A306E731F14D64C00E02FE5 /* Project object */ = {
			isa = PBXProject;
			attributes = {
				LastSwiftUpdateCheck = 0830;
				LastUpgradeCheck = 0830;
				ORGANIZATIONNAME = "Foggin, Oliver (Developer)";
				TargetAttributes = {
					5A306E7A1F14D64C00E02FE5 = {
						CreatedOnToolsVersion = 8.3.3;
						ProvisioningStyle = Automatic;
					};
				};
			};
			buildConfigurationList = 5A306E761F14D64C00E02FE5 /* Build configuration list for PBXProject "BrokenAutoSizingCells" */;
			compatibilityVersion = "Xcode 3.2";
			developmentRegion = English;
			hasScannedForEncodings = 0;
			knownRegions = (
				en,
				Base,
			);
			mainGroup = 5A306E721F14D64C00E02FE5;
			productRefGroup = 5A306E7C1F14D64C00E02FE5 /* Products */;
			projectDirPath = "";
			projectRoot = "";
			targets = (
				5A306E7A1F14D64C00E02FE5 /* BrokenAutoSizingCells */,
			);
		};
/* End PBXProject section */

/* Begin PBXResourcesBuildPhase section */
		5A306E791F14D64C00E02FE5 /* Resources */ = {
			isa = PBXResourcesBuildPhase;
			buildActionMask = 2147483647;
			files = (
				5A306E891F14D64C00E02FE5 /* LaunchScreen.storyboard in Resources */,
				5A306E861F14D64C00E02FE5 /* Assets.xcassets in Resources */,
				5A306E841F14D64C00E02FE5 /* Main.storyboard in Resources */,
			);
			runOnlyForDeploymentPostprocessing = 0;
		};
/* End PBXResourcesBuildPhase section */

/* Begin PBXSourcesBuildPhase section */
		5A306E771F14D64C00E02FE5 /* Sources */ = {
			isa = PBXSourcesBuildPhase;
			buildActionMask = 2147483647;
			files = (
				5A306E811F14D64C00E02FE5 /* ViewController.swift in Sources */,
				5A306E7F1F14D64C00E02FE5 /* AppDelegate.swift in Sources */,
				5A306E931F14D70C00E02FE5 /* TextCell.swift in Sources */,
				5A306E911F14D66000E02FE5 /* AutoSizingLayout.swift in Sources */,
			);
			runOnlyForDeploymentPostprocessing = 0;
		};
/* End PBXSourcesBuildPhase section */

/* Begin PBXVariantGroup section */
		5A306E821F14D64C00E02FE5 /* Main.storyboard */ = {
			isa = PBXVariantGroup;
			children = (
				5A306E831F14D64C00E02FE5 /* Base */,
			);
			name = Main.storyboard;
			sourceTree = "<group>";
		};
		5A306E871F14D64C00E02FE5 /* LaunchScreen.storyboard */ = {
			isa = PBXVariantGroup;
			children = (
				5A306E881F14D64C00E02FE5 /* Base */,
			);
			name = LaunchScreen.storyboard;
			sourceTree = "<group>";
		};
/* End PBXVariantGroup section */

/* Begin XCBuildConfiguration section */
		5A306E8B1F14D64C00E02FE5 /* Debug */ = {
			isa = XCBuildConfiguration;
			buildSettings = {
				ALWAYS_SEARCH_USER_PATHS = NO;
				CLANG_ANALYZER_NONNULL = YES;
				CLANG_ANALYZER_NUMBER_OBJECT_CONVERSION = YES_AGGRESSIVE;
				CLANG_CXX_LANGUAGE_STANDARD = "gnu++0x";
				CLANG_CXX_LIBRARY = "libc++";
				CLANG_ENABLE_MODULES = YES;
				CLANG_ENABLE_OBJC_ARC = YES;
				CLANG_WARN_BOOL_CONVERSION = YES;
				CLANG_WARN_CONSTANT_CONVERSION = YES;
				CLANG_WARN_DIRECT_OBJC_ISA_USAGE = YES_ERROR;
				CLANG_WARN_DOCUMENTATION_COMMENTS = YES;
				CLANG_WARN_EMPTY_BODY = YES;
				CLANG_WARN_ENUM_CONVERSION = YES;
				CLANG_WARN_INFINITE_RECURSION = YES;
				CLANG_WARN_INT_CONVERSION = YES;
				CLANG_WARN_OBJC_ROOT_CLASS = YES_ERROR;
				CLANG_WARN_SUSPICIOUS_MOVE = YES;
				CLANG_WARN_UNREACHABLE_CODE = YES;
				CLANG_WARN__DUPLICATE_METHOD_MATCH = YES;
				"CODE_SIGN_IDENTITY[sdk=iphoneos*]" = "iPhone Developer";
				COPY_PHASE_STRIP = NO;
				DEBUG_INFORMATION_FORMAT = dwarf;
				ENABLE_STRICT_OBJC_MSGSEND = YES;
				ENABLE_TESTABILITY = YES;
				GCC_C_LANGUAGE_STANDARD = gnu99;
				GCC_DYNAMIC_NO_PIC = NO;
				GCC_NO_COMMON_BLOCKS = YES;
				GCC_OPTIMIZATION_LEVEL = 0;
				GCC_PREPROCESSOR_DEFINITIONS = (
					"DEBUG=1",
					"$(inherited)",
				);
				GCC_WARN_64_TO_32_BIT_CONVERSION = YES;
				GCC_WARN_ABOUT_RETURN_TYPE = YES_ERROR;
				GCC_WARN_UNDECLARED_SELECTOR = YES;
				GCC_WARN_UNINITIALIZED_AUTOS = YES_AGGRESSIVE;
				GCC_WARN_UNUSED_FUNCTION = YES;
				GCC_WARN_UNUSED_VARIABLE = YES;
				IPHONEOS_DEPLOYMENT_TARGET = 10.3;
				MTL_ENABLE_DEBUG_INFO = YES;
				ONLY_ACTIVE_ARCH = YES;
				SDKROOT = iphoneos;
				SWIFT_ACTIVE_COMPILATION_CONDITIONS = DEBUG;
				SWIFT_OPTIMIZATION_LEVEL = "-Onone";
			};
			name = Debug;
		};
		5A306E8C1F14D64C00E02FE5 /* Release */ = {
			isa = XCBuildConfiguration;
			buildSettings = {
				ALWAYS_SEARCH_USER_PATHS = NO;
				CLANG_ANALYZER_NONNULL = YES;
				CLANG_ANALYZER_NUMBER_OBJECT_CONVERSION = YES_AGGRESSIVE;
				CLANG_CXX_LANGUAGE_STANDARD = "gnu++0x";
				CLANG_CXX_LIBRARY = "libc++";
				CLANG_ENABLE_MODULES = YES;
				CLANG_ENABLE_OBJC_ARC = YES;
				CLANG_WARN_BOOL_CONVERSION = YES;
				CLANG_WARN_CONSTANT_CONVERSION = YES;
				CLANG_WARN_DIRECT_OBJC_ISA_USAGE = YES_ERROR;
				CLANG_WARN_DOCUMENTATION_COMMENTS = YES;
				CLANG_WARN_EMPTY_BODY = YES;
				CLANG_WARN_ENUM_CONVERSION = YES;
				CLANG_WARN_INFINITE_RECURSION = YES;
				CLANG_WARN_INT_CONVERSION = YES;
				CLANG_WARN_OBJC_ROOT_CLASS = YES_ERROR;
				CLANG_WARN_SUSPICIOUS_MOVE = YES;
				CLANG_WARN_UNREACHABLE_CODE = YES;
				CLANG_WARN__DUPLICATE_METHOD_MATCH = YES;
				"CODE_SIGN_IDENTITY[sdk=iphoneos*]" = "iPhone Developer";
				COPY_PHASE_STRIP = NO;
				DEBUG_INFORMATION_FORMAT = "dwarf-with-dsym";
				ENABLE_NS_ASSERTIONS = NO;
				ENABLE_STRICT_OBJC_MSGSEND = YES;
				GCC_C_LANGUAGE_STANDARD = gnu99;
				GCC_NO_COMMON_BLOCKS = YES;
				GCC_WARN_64_TO_32_BIT_CONVERSION = YES;
				GCC_WARN_ABOUT_RETURN_TYPE = YES_ERROR;
				GCC_WARN_UNDECLARED_SELECTOR = YES;
				GCC_WARN_UNINITIALIZED_AUTOS = YES_AGGRESSIVE;
				GCC_WARN_UNUSED_FUNCTION = YES;
				GCC_WARN_UNUSED_VARIABLE = YES;
				IPHONEOS_DEPLOYMENT_TARGET = 10.3;
				MTL_ENABLE_DEBUG_INFO = NO;
				SDKROOT = iphoneos;
				SWIFT_OPTIMIZATION_LEVEL = "-Owholemodule";
				VALIDATE_PRODUCT = YES;
			};
			name = Release;
		};
		5A306E8E1F14D64C00E02FE5 /* Debug */ = {
			isa = XCBuildConfiguration;
			buildSettings = {
				ASSETCATALOG_COMPILER_APPICON_NAME = AppIcon;
				INFOPLIST_FILE = BrokenAutoSizingCells/Info.plist;
				LD_RUNPATH_SEARCH_PATHS = "$(inherited) @executable_path/Frameworks";
				PRODUCT_BUNDLE_IDENTIFIER = SKY.BrokenAutoSizingCells;
				PRODUCT_NAME = "$(TARGET_NAME)";
				SWIFT_VERSION = 3.0;
			};
			name = Debug;
		};
		5A306E8F1F14D64C00E02FE5 /* Release */ = {
			isa = XCBuildConfiguration;
			buildSettings = {
				ASSETCATALOG_COMPILER_APPICON_NAME = AppIcon;
				INFOPLIST_FILE = BrokenAutoSizingCells/Info.plist;
				LD_RUNPATH_SEARCH_PATHS = "$(inherited) @executable_path/Frameworks";
				PRODUCT_BUNDLE_IDENTIFIER = SKY.BrokenAutoSizingCells;
				PRODUCT_NAME = "$(TARGET_NAME)";
				SWIFT_VERSION = 3.0;
			};
			name = Release;
		};
/* End XCBuildConfiguration section */

/* Begin XCConfigurationList section */
		5A306E761F14D64C00E02FE5 /* Build configuration list for PBXProject "BrokenAutoSizingCells" */ = {
			isa = XCConfigurationList;
			buildConfigurations = (
				5A306E8B1F14D64C00E02FE5 /* Debug */,
				5A306E8C1F14D64C00E02FE5 /* Release */,
			);
			defaultConfigurationIsVisible = 0;
			defaultConfigurationName = Release;
		};
		5A306E8D1F14D64C00E02FE5 /* Build configuration list for PBXNativeTarget "BrokenAutoSizingCells" */ = {
			isa = XCConfigurationList;
			buildConfigurations = (
				5A306E8E1F14D64C00E02FE5 /* Debug */,
				5A306E8F1F14D64C00E02FE5 /* Release */,
			);
			defaultConfigurationIsVisible = 0;
		};
/* End XCConfigurationList section */
	};
	rootObject = 5A306E731F14D64C00E02FE5 /* Project object */;
}
